
Microsoft Visual Studio Solution File, Format Version 12.00
# Visual Studio Version 17
VisualStudioVersion = 17.14.36414.22 d17.14
MinimumVisualStudioVersion = 10.0.40219.1
Project("{FAE04EC0-301F-11D3-BF4B-00C04F79EFBC}") = "Aplicacion Windows Form", "Aplicacion Windows Form\Aplicacion Windows Form.csproj", "{A55E78E6-49B1-44F4-8108-9597A4E1233C}"
EndProject
Global
	GlobalSection(SolutionConfigurationPlatforms) = preSolution
		Debug|Any CPU = Debug|Any CPU
		Release|Any CPU = Release|Any CPU
	EndGlobalSection
	GlobalSection(ProjectConfigurationPlatforms) = postSolution
		{A55E78E6-49B1-44F4-8108-9597A4E1233C}.Debug|Any CPU.ActiveCfg = Debug|Any CPU
		{A55E78E6-49B1-44F4-8108-9597A4E1233C}.Debug|Any CPU.Build.0 = Debug|Any CPU
		{A55E78E6-49B1-44F4-8108-9597A4E1233C}.Release|Any CPU.ActiveCfg = Release|Any CPU
		{A55E78E6-49B1-44F4-8108-9597A4E1233C}.Release|Any CPU.Build.0 = Release|Any CPU
	EndGlobalSection
	GlobalSection(SolutionProperties) = preSolution
		HideSolutionNode = FALSE
	EndGlobalSection
	GlobalSection(ExtensibilityGlobals) = postSolution
		SolutionGuid = {6FE39A95-F54D-4AFD-A87F-F636789147B3}
	EndGlobalSection
EndGlobal
